PATH
  remote: .
  specs:
    smart_prompt (0.3.7)
      json (~> 2.19.4)
      numo-narray (~> 0.9.2.1)
      retriable (~> 3.1.2)
      ruby-openai (~> 8.3.0)
      safe_ruby (~> 1.0.5)
      yaml (~> 0.4.0)

GEM
  remote: https://rubygems.org/
  specs:
    childprocess (5.1.0)
      logger (~> 1.5)
    event_stream_parser (1.0.0)
    faraday (2.14.1)
      faraday-net_http (>= 2.0, < 3.5)
      json
      logger
    faraday-multipart (1.2.0)
      multipart-post (~> 2.0)
    faraday-net_http (3.4.2)
      net-http (~> 0.5)
    json (2.19.4)
    logger (1.7.0)
    multipart-post (2.4.1)
    net-http (0.9.1)
      uri (>= 0.11.1)
    numo-narray (0.9.2.1)
    rake (13.2.1)
    retriable (3.1.2)
    ruby-openai (8.3.0)
      event_stream_parser (>= 0.3.0, < 2.0.0)
      faraday (>= 1)
      faraday-multipart (>= 1)
    safe_ruby (1.0.5)
      childprocess (~> 5)
    uri (1.1.1)
    yaml (0.4.0)

PLATFORMS
  ruby
  x86_64-linux-gnu

DEPENDENCIES
  numo-narray (~> 0.9.2.1)
  rake (~> 13.0)
  smart_prompt!

BUNDLED WITH
  4.0.10
